
Microsoft Visual Studio Solution File, Format Version 12.00
# Visual Studio 15
VisualStudioVersion = 15.0.27130.2010
MinimumVisualStudioVersion = 10.0.40219.1
Project("{8BC9CEB8-8B4A-11D0-8D11-00A0C91BC942}") = "OpenGLex01", "OpenGLex01\OpenGLex01.vcxproj", "{164CCF4F-555F-4D12-9D59-95298148EAD5}"
EndProject
Global
	GlobalSection(SolutionConfigurationPlatforms) = preSolution
		Debug|x64 = Debug|x64
		Debug|x86 = Debug|x86
		Release|x64 = Release|x64
		Release|x86 = Release|x86
	EndGlobalSection
	GlobalSection(ProjectConfigurationPlatforms) = postSolution
		{164CCF4F-555F-4D12-9D59-95298148EAD5}.Debug|x64.ActiveCfg = Debug|x64
		{164CCF4F-555F-4D12-9D59-95298148EAD5}.Debug|x64.Build.0 = Debug|x64
		{164CCF4F-555F-4D12-9D59-95298148EAD5}.Debug|x86.ActiveCfg = Debug|Win32
		{164CCF4F-555F-4D12-9D59-95298148EAD5}.Debug|x86.Build.0 = Debug|Win32
		{164CCF4F-555F-4D12-9D59-95298148EAD5}.Release|x64.ActiveCfg = Release|x64
		{164CCF4F-555F-4D12-9D59-95298148EAD5}.Release|x64.Build.0 = Release|x64
		{164CCF4F-555F-4D12-9D59-95298148EAD5}.Release|x86.ActiveCfg = Release|Win32
		{164CCF4F-555F-4D12-9D59-95298148EAD5}.Release|x86.Build.0 = Release|Win32
	EndGlobalSection
	GlobalSection(SolutionProperties) = preSolution
		HideSolutionNode = FALSE
	EndGlobalSection
	GlobalSection(ExtensibilityGlobals) = postSolution
		SolutionGuid = {3E4A7C91-8C00-4CEE-AB54-DEF3F46B3E8E}
	EndGlobalSection
EndGlobal
